
Microsoft Visual Studio Solution File, Format Version 12.00
# Visual Studio Version 17
VisualStudioVersion = 17.6.33712.159
MinimumVisualStudioVersion = 10.0.40219.1
Project("{54A90642-561A-4BB1-A94E-469ADEE60C69}") = "vueapp", "vueapp\vueapp.esproj", "{DB26A300-EB5D-4D7E-B9A0-A356DC3E4F84}"
EndProject
Project("{9A19103F-16F7-4668-BE54-9A1E7A4F7556}") = "webapi", "webapi\webapi.csproj", "{6B65389A-7164-4D2F-8414-7C3E4EDDB37C}"
EndProject
Project("{2150E333-8FDC-42A3-9474-1A3956D46DE8}") = "SRV", "SRV", "{BCB95CFE-1283-4060-8C41-109FA70A1625}"
EndProject
Project("{9A19103F-16F7-4668-BE54-9A1E7A4F7556}") = "ViewModel", "ViewModel\ViewModel.csproj", "{90ED1C9D-1F61-4193-8DD2-33D4D906D563}"
EndProject
Project("{FAE04EC0-301F-11D3-BF4B-00C04F79EFBC}") = "ProdService", "ProdService\ProdService.csproj", "{E2E29C96-82C5-4D58-8945-6D023E11571E}"
EndProject
Project("{FAE04EC0-301F-11D3-BF4B-00C04F79EFBC}") = "ServiceInterface", "ServiceInterface\ServiceInterface.csproj", "{BFC1658A-19A9-45D0-B7E9-D3227270D58E}"
EndProject
Project("{2150E333-8FDC-42A3-9474-1A3956D46DE8}") = "BLL", "BLL", "{8AE33287-E336-4512-A042-DBC4271BEC4C}"
EndProject
Project("{FAE04EC0-301F-11D3-BF4B-00C04F79EFBC}") = "Entity", "Entity\Entity.csproj", "{A4F03865-17D8-4448-AE12-71240C6450BA}"
EndProject
Project("{FAE04EC0-301F-11D3-BF4B-00C04F79EFBC}") = "Repositoryies", "Repositoryies\Repositoryies.csproj", "{842F7DC8-3BA5-49A8-BC53-869640A3BF8D}"
EndProject
Global
	GlobalSection(SolutionConfigurationPlatforms) = preSolution
		Debug|Any CPU = Debug|Any CPU
		Release|Any CPU = Release|Any CPU
	EndGlobalSection
	GlobalSection(ProjectConfigurationPlatforms) = postSolution
		{DB26A300-EB5D-4D7E-B9A0-A356DC3E4F84}.Debug|Any CPU.ActiveCfg = Debug|Any CPU
		{DB26A300-EB5D-4D7E-B9A0-A356DC3E4F84}.Debug|Any CPU.Build.0 = Debug|Any CPU
		{DB26A300-EB5D-4D7E-B9A0-A356DC3E4F84}.Debug|Any CPU.Deploy.0 = Debug|Any CPU
		{DB26A300-EB5D-4D7E-B9A0-A356DC3E4F84}.Release|Any CPU.ActiveCfg = Release|Any CPU
		{DB26A300-EB5D-4D7E-B9A0-A356DC3E4F84}.Release|Any CPU.Build.0 = Release|Any CPU
		{DB26A300-EB5D-4D7E-B9A0-A356DC3E4F84}.Release|Any CPU.Deploy.0 = Release|Any CPU
		{6B65389A-7164-4D2F-8414-7C3E4EDDB37C}.Debug|Any CPU.ActiveCfg = Debug|Any CPU
		{6B65389A-7164-4D2F-8414-7C3E4EDDB37C}.Debug|Any CPU.Build.0 = Debug|Any CPU
		{6B65389A-7164-4D2F-8414-7C3E4EDDB37C}.Release|Any CPU.ActiveCfg = Release|Any CPU
		{6B65389A-7164-4D2F-8414-7C3E4EDDB37C}.Release|Any CPU.Build.0 = Release|Any CPU
		{90ED1C9D-1F61-4193-8DD2-33D4D906D563}.Debug|Any CPU.ActiveCfg = Debug|Any CPU
		{90ED1C9D-1F61-4193-8DD2-33D4D906D563}.Debug|Any CPU.Build.0 = Debug|Any CPU
		{90ED1C9D-1F61-4193-8DD2-33D4D906D563}.Release|Any CPU.ActiveCfg = Release|Any CPU
		{90ED1C9D-1F61-4193-8DD2-33D4D906D563}.Release|Any CPU.Build.0 = Release|Any CPU
		{E2E29C96-82C5-4D58-8945-6D023E11571E}.Debug|Any CPU.ActiveCfg = Debug|Any CPU
		{E2E29C96-82C5-4D58-8945-6D023E11571E}.Debug|Any CPU.Build.0 = Debug|Any CPU
		{E2E29C96-82C5-4D58-8945-6D023E11571E}.Release|Any CPU.ActiveCfg = Release|Any CPU
		{E2E29C96-82C5-4D58-8945-6D023E11571E}.Release|Any CPU.Build.0 = Release|Any CPU
		{BFC1658A-19A9-45D0-B7E9-D3227270D58E}.Debug|Any CPU.ActiveCfg = Debug|Any CPU
		{BFC1658A-19A9-45D0-B7E9-D3227270D58E}.Debug|Any CPU.Build.0 = Debug|Any CPU
		{BFC1658A-19A9-45D0-B7E9-D3227270D58E}.Release|Any CPU.ActiveCfg = Release|Any CPU
		{BFC1658A-19A9-45D0-B7E9-D3227270D58E}.Release|Any CPU.Build.0 = Release|Any CPU
		{A4F03865-17D8-4448-AE12-71240C6450BA}.Debug|Any CPU.ActiveCfg = Debug|Any CPU
		{A4F03865-17D8-4448-AE12-71240C6450BA}.Debug|Any CPU.Build.0 = Debug|Any CPU
		{A4F03865-17D8-4448-AE12-71240C6450BA}.Release|Any CPU.ActiveCfg = Release|Any CPU
		{A4F03865-17D8-4448-AE12-71240C6450BA}.Release|Any CPU.Build.0 = Release|Any CPU
		{842F7DC8-3BA5-49A8-BC53-869640A3BF8D}.Debug|Any CPU.ActiveCfg = Debug|Any CPU
		{842F7DC8-3BA5-49A8-BC53-869640A3BF8D}.Debug|Any CPU.Build.0 = Debug|Any CPU
		{842F7DC8-3BA5-49A8-BC53-869640A3BF8D}.Release|Any CPU.ActiveCfg = Release|Any CPU
		{842F7DC8-3BA5-49A8-BC53-869640A3BF8D}.Release|Any CPU.Build.0 = Release|Any CPU
	EndGlobalSection
	GlobalSection(SolutionProperties) = preSolution
		HideSolutionNode = FALSE
	EndGlobalSection
	GlobalSection(NestedProjects) = preSolution
		{90ED1C9D-1F61-4193-8DD2-33D4D906D563} = {BCB95CFE-1283-4060-8C41-109FA70A1625}
		{E2E29C96-82C5-4D58-8945-6D023E11571E} = {BCB95CFE-1283-4060-8C41-109FA70A1625}
		{BFC1658A-19A9-45D0-B7E9-D3227270D58E} = {BCB95CFE-1283-4060-8C41-109FA70A1625}
		{A4F03865-17D8-4448-AE12-71240C6450BA} = {8AE33287-E336-4512-A042-DBC4271BEC4C}
		{842F7DC8-3BA5-49A8-BC53-869640A3BF8D} = {8AE33287-E336-4512-A042-DBC4271BEC4C}
	EndGlobalSection
	GlobalSection(ExtensibilityGlobals) = postSolution
		SolutionGuid = {ABBBC0B5-DFFB-4C69-A372-E42F44D23579}
	EndGlobalSection
EndGlobal
