
Microsoft Visual Studio Solution File, Format Version 12.00
# Visual Studio Version 17
VisualStudioVersion = 17.6.33712.159
MinimumVisualStudioVersion = 10.0.40219.1
Project("{54A90642-561A-4BB1-A94E-469ADEE60C69}") = "vueapp", "vueapp\vueapp.esproj", "{DB26A300-EB5D-4D7E-B9A0-A356DC3E4F84}"
EndProject
Project("{9A19103F-16F7-4668-BE54-9A1E7A4F7556}") = "webapi", "webapi\webapi.csproj", "{6B65389A-7164-4D2F-8414-7C3E4EDDB37C}"
EndProject
Global
	GlobalSection(SolutionConfigurationPlatforms) = preSolution
		Debug|Any CPU = Debug|Any CPU
		Release|Any CPU = Release|Any CPU
	EndGlobalSection
	GlobalSection(ProjectConfigurationPlatforms) = postSolution
		{DB26A300-EB5D-4D7E-B9A0-A356DC3E4F84}.Debug|Any CPU.ActiveCfg = Debug|Any CPU
		{DB26A300-EB5D-4D7E-B9A0-A356DC3E4F84}.Debug|Any CPU.Build.0 = Debug|Any CPU
		{DB26A300-EB5D-4D7E-B9A0-A356DC3E4F84}.Debug|Any CPU.Deploy.0 = Debug|Any CPU
		{DB26A300-EB5D-4D7E-B9A0-A356DC3E4F84}.Release|Any CPU.ActiveCfg = Release|Any CPU
		{DB26A300-EB5D-4D7E-B9A0-A356DC3E4F84}.Release|Any CPU.Build.0 = Release|Any CPU
		{DB26A300-EB5D-4D7E-B9A0-A356DC3E4F84}.Release|Any CPU.Deploy.0 = Release|Any CPU
		{6B65389A-7164-4D2F-8414-7C3E4EDDB37C}.Debug|Any CPU.ActiveCfg = Debug|Any CPU
		{6B65389A-7164-4D2F-8414-7C3E4EDDB37C}.Debug|Any CPU.Build.0 = Debug|Any CPU
		{6B65389A-7164-4D2F-8414-7C3E4EDDB37C}.Release|Any CPU.ActiveCfg = Release|Any CPU
		{6B65389A-7164-4D2F-8414-7C3E4EDDB37C}.Release|Any CPU.Build.0 = Release|Any CPU
	EndGlobalSection
	GlobalSection(SolutionProperties) = preSolution
		HideSolutionNode = FALSE
	EndGlobalSection
	GlobalSection(ExtensibilityGlobals) = postSolution
		SolutionGuid = {ABBBC0B5-DFFB-4C69-A372-E42F44D23579}
	EndGlobalSection
EndGlobal
